
Microsoft Visual Studio Solution File, Format Version 12.00
# Visual Studio Version 17
VisualStudioVersion = 17.7.34031.279
MinimumVisualStudioVersion = 10.0.40219.1
Project("{FAE04EC0-301F-11D3-BF4B-00C04F79EFBC}") = "Online_Book_Store_WebForm", "Online_Book_Store_WebForm\Online_Book_Store_WebForm.csproj", "{6848D416-9ED9-4175-A564-1C6E1FD01F03}"
EndProject
Global
	GlobalSection(SolutionConfigurationPlatforms) = preSolution
		Debug|Any CPU = Debug|Any CPU
		Release|Any CPU = Release|Any CPU
	EndGlobalSection
	GlobalSection(ProjectConfigurationPlatforms) = postSolution
		{6848D416-9ED9-4175-A564-1C6E1FD01F03}.Debug|Any CPU.ActiveCfg = Debug|Any CPU
		{6848D416-9ED9-4175-A564-1C6E1FD01F03}.Debug|Any CPU.Build.0 = Debug|Any CPU
		{6848D416-9ED9-4175-A564-1C6E1FD01F03}.Release|Any CPU.ActiveCfg = Release|Any CPU
		{6848D416-9ED9-4175-A564-1C6E1FD01F03}.Release|Any CPU.Build.0 = Release|Any CPU
	EndGlobalSection
	GlobalSection(SolutionProperties) = preSolution
		HideSolutionNode = FALSE
	EndGlobalSection
	GlobalSection(ExtensibilityGlobals) = postSolution
		SolutionGuid = {C05A920F-5181-41DB-9D66-36D6391D6ABF}
	EndGlobalSection
EndGlobal
